
Microsoft Visual Studio Solution File, Format Version 12.00
Project("{FAE04EC0-301F-11D3-BF4B-00C04F79EFBC}") = "NativeSkia", "NativeSkia\NativeSkia.csproj", "{43D2164E-212D-46C4-A2F2-9DDA4BFE01F9}"
EndProject
Project("{FAE04EC0-301F-11D3-BF4B-00C04F79EFBC}") = "NativeSkia.Tests", "NativeSkia.Tests\NativeSkia.Tests.csproj", "{D2071EED-0F9F-4E94-BC6C-CD37801BF701}"
EndProject
Global
	GlobalSection(SolutionConfigurationPlatforms) = preSolution
		Debug|Any CPU = Debug|Any CPU
		Release|Any CPU = Release|Any CPU
	EndGlobalSection
	GlobalSection(ProjectConfigurationPlatforms) = postSolution
		{43D2164E-212D-46C4-A2F2-9DDA4BFE01F9}.Debug|Any CPU.ActiveCfg = Debug|Any CPU
		{43D2164E-212D-46C4-A2F2-9DDA4BFE01F9}.Debug|Any CPU.Build.0 = Debug|Any CPU
		{43D2164E-212D-46C4-A2F2-9DDA4BFE01F9}.Release|Any CPU.ActiveCfg = Release|Any CPU
		{43D2164E-212D-46C4-A2F2-9DDA4BFE01F9}.Release|Any CPU.Build.0 = Release|Any CPU
		{D2071EED-0F9F-4E94-BC6C-CD37801BF701}.Debug|Any CPU.ActiveCfg = Debug|Any CPU
		{D2071EED-0F9F-4E94-BC6C-CD37801BF701}.Debug|Any CPU.Build.0 = Debug|Any CPU
		{D2071EED-0F9F-4E94-BC6C-CD37801BF701}.Release|Any CPU.ActiveCfg = Release|Any CPU
		{D2071EED-0F9F-4E94-BC6C-CD37801BF701}.Release|Any CPU.Build.0 = Release|Any CPU
	EndGlobalSection
EndGlobal
